
Microsoft Visual Studio Solution File, Format Version 12.00
# Visual Studio 15
VisualStudioVersion = 15.0.27703.2042
MinimumVisualStudioVersion = 10.0.40219.1
Project("{FAE04EC0-301F-11D3-BF4B-00C04F79EFBC}") = "ZacharyMcDanal_CodingExercise2", "ZacharyMcDanal_CodingExercise2\ZacharyMcDanal_CodingExercise2.csproj", "{39D346A5-933D-48AB-881C-6BBFB07DA780}"
EndProject
Global
	GlobalSection(SolutionConfigurationPlatforms) = preSolution
		Debug|Any CPU = Debug|Any CPU
		Release|Any CPU = Release|Any CPU
	EndGlobalSection
	GlobalSection(ProjectConfigurationPlatforms) = postSolution
		{39D346A5-933D-48AB-881C-6BBFB07DA780}.Debug|Any CPU.ActiveCfg = Debug|Any CPU
		{39D346A5-933D-48AB-881C-6BBFB07DA780}.Debug|Any CPU.Build.0 = Debug|Any CPU
		{39D346A5-933D-48AB-881C-6BBFB07DA780}.Release|Any CPU.ActiveCfg = Release|Any CPU
		{39D346A5-933D-48AB-881C-6BBFB07DA780}.Release|Any CPU.Build.0 = Release|Any CPU
	EndGlobalSection
	GlobalSection(SolutionProperties) = preSolution
		HideSolutionNode = FALSE
	EndGlobalSection
	GlobalSection(ExtensibilityGlobals) = postSolution
		SolutionGuid = {4B7DB468-216B-44A2-8582-FC7543F99671}
	EndGlobalSection
EndGlobal
