
Microsoft Visual Studio Solution File, Format Version 12.00
# Visual Studio 15
VisualStudioVersion = 15.0.27703.2042
MinimumVisualStudioVersion = 10.0.40219.1
Project("{FAE04EC0-301F-11D3-BF4B-00C04F79EFBC}") = "ZacharyMcDanal_CodingExercise6", "ZacharyMcDanal_CodingExercise6\ZacharyMcDanal_CodingExercise6.csproj", "{D0EB6ED7-DF6E-4C5A-B007-C04EE8B2CEE3}"
EndProject
Global
	GlobalSection(SolutionConfigurationPlatforms) = preSolution
		Debug|Any CPU = Debug|Any CPU
		Release|Any CPU = Release|Any CPU
	EndGlobalSection
	GlobalSection(ProjectConfigurationPlatforms) = postSolution
		{D0EB6ED7-DF6E-4C5A-B007-C04EE8B2CEE3}.Debug|Any CPU.ActiveCfg = Debug|Any CPU
		{D0EB6ED7-DF6E-4C5A-B007-C04EE8B2CEE3}.Debug|Any CPU.Build.0 = Debug|Any CPU
		{D0EB6ED7-DF6E-4C5A-B007-C04EE8B2CEE3}.Release|Any CPU.ActiveCfg = Release|Any CPU
		{D0EB6ED7-DF6E-4C5A-B007-C04EE8B2CEE3}.Release|Any CPU.Build.0 = Release|Any CPU
	EndGlobalSection
	GlobalSection(SolutionProperties) = preSolution
		HideSolutionNode = FALSE
	EndGlobalSection
	GlobalSection(ExtensibilityGlobals) = postSolution
		SolutionGuid = {4A294B7B-2145-4347-8E8D-CC115AE989F8}
	EndGlobalSection
EndGlobal
