
Microsoft Visual Studio Solution File, Format Version 12.00
# Visual Studio 15
VisualStudioVersion = 15.0.27703.2042
MinimumVisualStudioVersion = 10.0.40219.1
Project("{FAE04EC0-301F-11D3-BF4B-00C04F79EFBC}") = "ZacharyMcDanal_CodingExercise4", "ZacharyMcDanal_CodingExercise4\ZacharyMcDanal_CodingExercise4.csproj", "{0188B53F-C424-4C43-B39A-F47985E01A61}"
EndProject
Global
	GlobalSection(SolutionConfigurationPlatforms) = preSolution
		Debug|Any CPU = Debug|Any CPU
		Release|Any CPU = Release|Any CPU
	EndGlobalSection
	GlobalSection(ProjectConfigurationPlatforms) = postSolution
		{0188B53F-C424-4C43-B39A-F47985E01A61}.Debug|Any CPU.ActiveCfg = Debug|Any CPU
		{0188B53F-C424-4C43-B39A-F47985E01A61}.Debug|Any CPU.Build.0 = Debug|Any CPU
		{0188B53F-C424-4C43-B39A-F47985E01A61}.Release|Any CPU.ActiveCfg = Release|Any CPU
		{0188B53F-C424-4C43-B39A-F47985E01A61}.Release|Any CPU.Build.0 = Release|Any CPU
	EndGlobalSection
	GlobalSection(SolutionProperties) = preSolution
		HideSolutionNode = FALSE
	EndGlobalSection
	GlobalSection(ExtensibilityGlobals) = postSolution
		SolutionGuid = {FC41E214-3767-447D-A48E-8732490B8A13}
	EndGlobalSection
EndGlobal
